
Microsoft Visual Studio Solution File, Format Version 12.00
# Visual Studio 15
VisualStudioVersion = 15.0.28010.2016
MinimumVisualStudioVersion = 10.0.40219.1
Project("{FAE04EC0-301F-11D3-BF4B-00C04F79EFBC}") = "MarKovText", "MarKovText\MarKovText.csproj", "{D6E1176F-3ADC-4A79-AC98-A64CFD06C252}"
EndProject
Global
	GlobalSection(SolutionConfigurationPlatforms) = preSolution
		Debug|Any CPU = Debug|Any CPU
		Release|Any CPU = Release|Any CPU
	EndGlobalSection
	GlobalSection(ProjectConfigurationPlatforms) = postSolution
		{D6E1176F-3ADC-4A79-AC98-A64CFD06C252}.Debug|Any CPU.ActiveCfg = Debug|Any CPU
		{D6E1176F-3ADC-4A79-AC98-A64CFD06C252}.Debug|Any CPU.Build.0 = Debug|Any CPU
		{D6E1176F-3ADC-4A79-AC98-A64CFD06C252}.Release|Any CPU.ActiveCfg = Release|Any CPU
		{D6E1176F-3ADC-4A79-AC98-A64CFD06C252}.Release|Any CPU.Build.0 = Release|Any CPU
	EndGlobalSection
	GlobalSection(SolutionProperties) = preSolution
		HideSolutionNode = FALSE
	EndGlobalSection
	GlobalSection(ExtensibilityGlobals) = postSolution
		SolutionGuid = {FD7176C6-25C1-44F7-A8F7-1DC0B1ED291D}
	EndGlobalSection
EndGlobal
